// !$*UTF8*$!
{
	archiveVersion = 1;
	classes = {
	};
	objectVersion = 70;
	objects = {

/* Begin PBXBuildFile section */
		4A0000000000000000000201 /* SyndicoreApp.swift in Sources */ = {isa = PBXBuildFile; fileRef = 4A0000000000000000000101 /* SyndicoreApp.swift */; };
		4A0000000000000000000202 /* AppState.swift in Sources */ = {isa = PBXBuildFile; fileRef = 4A0000000000000000000102 /* AppState.swift */; };
		4A0000000000000000000203 /* Faction.swift in Sources */ = {isa = PBXBuildFile; fileRef = 4A0000000000000000000103 /* Faction.swift */; };
		4A0000000000000000000204 /* Ring.swift in Sources */ = {isa = PBXBuildFile; fileRef = 4A0000000000000000000104 /* Ring.swift */; };
		4A0000000000000000000205 /* Player.swift in Sources */ = {isa = PBXBuildFile; fileRef = 4A0000000000000000000105 /* Player.swift */; };
		4A0000000000000000000206 /* World.swift in Sources */ = {isa = PBXBuildFile; fileRef = 4A0000000000000000000106 /* World.swift */; };
		4A0000000000000000000207 /* Auth.swift in Sources */ = {isa = PBXBuildFile; fileRef = 4A0000000000000000000107 /* Auth.swift */; };
		4A0000000000000000000208 /* Health.swift in Sources */ = {isa = PBXBuildFile; fileRef = 4A0000000000000000000108 /* Health.swift */; };
		4A0000000000000000000209 /* APIClient.swift in Sources */ = {isa = PBXBuildFile; fileRef = 4A0000000000000000000109 /* APIClient.swift */; };
		4A0000000000000000000210 /* APIError.swift in Sources */ = {isa = PBXBuildFile; fileRef = 4A0000000000000000000110 /* APIError.swift */; };
		4A0000000000000000000211 /* Endpoint.swift in Sources */ = {isa = PBXBuildFile; fileRef = 4A0000000000000000000111 /* Endpoint.swift */; };
		4A0000000000000000000212 /* TokenProvider.swift in Sources */ = {isa = PBXBuildFile; fileRef = 4A0000000000000000000112 /* TokenProvider.swift */; };
		4A0000000000000000000213 /* ContentView.swift in Sources */ = {isa = PBXBuildFile; fileRef = 4A0000000000000000000113 /* ContentView.swift */; };
		4A0000000000000000000214 /* WorldListView.swift in Sources */ = {isa = PBXBuildFile; fileRef = 4A0000000000000000000114 /* WorldListView.swift */; };
		4A0000000000000000000215 /* OnboardingView.swift in Sources */ = {isa = PBXBuildFile; fileRef = 4A0000000000000000000115 /* OnboardingView.swift */; };
		4A0000000000000000000216 /* FactionPickerView.swift in Sources */ = {isa = PBXBuildFile; fileRef = 4A0000000000000000000116 /* FactionPickerView.swift */; };
		4A0000000000000000000217 /* Assets.xcassets in Resources */ = {isa = PBXBuildFile; fileRef = 4A0000000000000000000118 /* Assets.xcassets */; };
		4A0000000000000000000218 /* Supabase in Frameworks */ = {isa = PBXBuildFile; productRef = 4A0000000000000000000301 /* Supabase */; };
		4A57FDF12F92D34D004559C8 /* JSONCoder+API.swift in Sources */ = {isa = PBXBuildFile; fileRef = 4A57FDF02F92D34D004559C8 /* JSONCoder+API.swift */; };
		4A57FDF32F92D372004559C8 /* AppConfig.swift in Sources */ = {isa = PBXBuildFile; fileRef = 4A57FDF22F92D372004559C8 /* AppConfig.swift */; };
		4A57FDF52F92D838004559C8 /* CityTileSet.swift in Sources */ = {isa = PBXBuildFile; fileRef = 4A57FDF42F92D838004559C8 /* CityTileSet.swift */; };
		4A5847D82F94C29A00E4C30B /* SelectedTilePulseNode.swift in Sources */ = {isa = PBXBuildFile; fileRef = 4A5847D72F94C29A00E4C30B /* SelectedTilePulseNode.swift */; };
		4A5847DA2F94C2AE00E4C30B /* ConstructionProgressNode.swift in Sources */ = {isa = PBXBuildFile; fileRef = 4A5847D92F94C2AE00E4C30B /* ConstructionProgressNode.swift */; };
		4A5847DC2F94C2E800E4C30B /* ElectricArcNode.swift in Sources */ = {isa = PBXBuildFile; fileRef = 4A5847DB2F94C2E800E4C30B /* ElectricArcNode.swift */; };
		4A5847DE2F94C2E800E4C30B /* BuildingTooltipNode.swift in Sources */ = {isa = PBXBuildFile; fileRef = 4A5847DD2F94C2E800E4C30B /* BuildingTooltipNode.swift */; };
		4A5847E02F94C2E800E4C30B /* CelebrationBurstNode.swift in Sources */ = {isa = PBXBuildFile; fileRef = 4A5847DF2F94C2E800E4C30B /* CelebrationBurstNode.swift */; };
		4A5847E22F94C2E800E4C30B /* ParticleTextures.swift in Sources */ = {isa = PBXBuildFile; fileRef = 4A5847E12F94C2E800E4C30B /* ParticleTextures.swift */; };
		4A5847E42F94C2E900E4C30B /* QueueIndicatorNode.swift in Sources */ = {isa = PBXBuildFile; fileRef = 4A5847E32F94C2E900E4C30B /* QueueIndicatorNode.swift */; };
		4A5847E62F94C2E900E4C30B /* ResourceTickNode.swift in Sources */ = {isa = PBXBuildFile; fileRef = 4A5847E52F94C2E900E4C30B /* ResourceTickNode.swift */; };
		4A5847E82F95419900E4C30B /* TileGridEditorView.swift in Sources */ = {isa = PBXBuildFile; fileRef = 4A5847E72F95419900E4C30B /* TileGridEditorView.swift */; };
		4A6F52692F93DA0F00992D0B /* SpriteSpec.swift in Sources */ = {isa = PBXBuildFile; fileRef = 4A6F52682F93DA0F00992D0B /* SpriteSpec.swift */; };
		4A6F526A2F93DA0F00992D0B /* DebugGridOverlayNode.swift in Sources */ = {isa = PBXBuildFile; fileRef = 4A6F52662F93DA0F00992D0B /* DebugGridOverlayNode.swift */; };
		4A6F526B2F93DA0F00992D0B /* SpriteAlignmentTestScene.swift in Sources */ = {isa = PBXBuildFile; fileRef = 4A6F52672F93DA0F00992D0B /* SpriteAlignmentTestScene.swift */; };
		4A6F526D2F93DA2000992D0B /* SpriteAlignmentTestView.swift in Sources */ = {isa = PBXBuildFile; fileRef = 4A6F526C2F93DA2000992D0B /* SpriteAlignmentTestView.swift */; };
		4B0000000000000000000001 /* GameData.swift in Sources */ = {isa = PBXBuildFile; fileRef = 4B0000000000000000000101 /* GameData.swift */; };
		4B0000000000000000000002 /* GameConstantsManager.swift in Sources */ = {isa = PBXBuildFile; fileRef = 4B0000000000000000000102 /* GameConstantsManager.swift */; };
		4B0000000000000000000003 /* CodexView.swift in Sources */ = {isa = PBXBuildFile; fileRef = 4B0000000000000000000103 /* CodexView.swift */; };
		4B0000000000000000000004 /* UnitsView.swift in Sources */ = {isa = PBXBuildFile; fileRef = 4B0000000000000000000104 /* UnitsView.swift */; };
		4B0000000000000000000005 /* UnitDetailView.swift in Sources */ = {isa = PBXBuildFile; fileRef = 4B0000000000000000000105 /* UnitDetailView.swift */; };
		4B0000000000000000000006 /* BuildingsView.swift in Sources */ = {isa = PBXBuildFile; fileRef = 4B0000000000000000000106 /* BuildingsView.swift */; };
		4B0000000000000000000007 /* TechTreeView.swift in Sources */ = {isa = PBXBuildFile; fileRef = 4B0000000000000000000107 /* TechTreeView.swift */; };
		4B0000000000000000000008 /* MapInfoView.swift in Sources */ = {isa = PBXBuildFile; fileRef = 4B0000000000000000000108 /* MapInfoView.swift */; };
		4B0000000000000000000009 /* SettingsView.swift in Sources */ = {isa = PBXBuildFile; fileRef = 4B0000000000000000000109 /* SettingsView.swift */; };
		4B0000000000000000000010 /* CityView.swift in Sources */ = {isa = PBXBuildFile; fileRef = 4B0000000000000000000110 /* CityView.swift */; };
		4B0000000000000000000011 /* TrainingSheet.swift in Sources */ = {isa = PBXBuildFile; fileRef = 4B0000000000000000000111 /* TrainingSheet.swift */; };
		4B0000000000000000000012 /* MapScene.swift in Sources */ = {isa = PBXBuildFile; fileRef = 4B0000000000000000000112 /* MapScene.swift */; };
		4B0000000000000000000013 /* MapView.swift in Sources */ = {isa = PBXBuildFile; fileRef = 4B0000000000000000000113 /* MapView.swift */; };
		9B2E27232F9126D000CA8E81 /* Enums.swift in Sources */ = {isa = PBXBuildFile; fileRef = 9B2E27222F9126D000CA8E81 /* Enums.swift */; };
		9B2E27252F9126D000CA8E81 /* City.swift in Sources */ = {isa = PBXBuildFile; fileRef = 9B2E27242F9126D000CA8E81 /* City.swift */; };
		9B2E27272F9126D100CA8E81 /* MapTile.swift in Sources */ = {isa = PBXBuildFile; fileRef = 9B2E27262F9126D100CA8E81 /* MapTile.swift */; };
		9B2E27292F9126D200CA8E81 /* BattleReport.swift in Sources */ = {isa = PBXBuildFile; fileRef = 9B2E27282F9126D200CA8E81 /* BattleReport.swift */; };
		9B2E272D2F91271900CA8E81 /* SplashView.swift in Sources */ = {isa = PBXBuildFile; fileRef = 9B2E272C2F91271900CA8E81 /* SplashView.swift */; };
		9B2E272F2F91271900CA8E81 /* AuthView.swift in Sources */ = {isa = PBXBuildFile; fileRef = 9B2E272E2F91271900CA8E81 /* AuthView.swift */; };
		9B2E27312F91271A00CA8E81 /* MainGameView.swift in Sources */ = {isa = PBXBuildFile; fileRef = 9B2E27302F91271A00CA8E81 /* MainGameView.swift */; };
		9B2E27332F91271B00CA8E81 /* Config.plist in Resources */ = {isa = PBXBuildFile; fileRef = 9B2E27322F91271B00CA8E81 /* Config.plist */; };
		9B2E27372F91276600CA8E81 /* SupabaseManager.swift in Sources */ = {isa = PBXBuildFile; fileRef = 9B2E27362F91276600CA8E81 /* SupabaseManager.swift */; };
		9B4CFC852F927D5A00850457 /* Isometric.swift in Sources */ = {isa = PBXBuildFile; fileRef = 9B4CFC842F927D5A00850457 /* Isometric.swift */; };
		9B4CFC872F927D6600850457 /* WallLayout.swift in Sources */ = {isa = PBXBuildFile; fileRef = 9B4CFC862F927D6600850457 /* WallLayout.swift */; };
		9B4CFC892F927E8300850457 /* TileNode.swift in Sources */ = {isa = PBXBuildFile; fileRef = 9B4CFC882F927E8300850457 /* TileNode.swift */; };
		9B4CFC8B2F927E8300850457 /* HQNode.swift in Sources */ = {isa = PBXBuildFile; fileRef = 9B4CFC8A2F927E8300850457 /* HQNode.swift */; };
		9B4CFC8D2F927E8400850457 /* BuildingNode.swift in Sources */ = {isa = PBXBuildFile; fileRef = 9B4CFC8C2F927E8400850457 /* BuildingNode.swift */; };
		9B4CFC8F2F927E8500850457 /* WallNode.swift in Sources */ = {isa = PBXBuildFile; fileRef = 9B4CFC8E2F927E8500850457 /* WallNode.swift */; };
		9B4CFC912F927E8600850457 /* CornerPylonNode.swift in Sources */ = {isa = PBXBuildFile; fileRef = 9B4CFC902F927E8600850457 /* CornerPylonNode.swift */; };
		9B4CFC932F927E8700850457 /* ScaffoldNode.swift in Sources */ = {isa = PBXBuildFile; fileRef = 9B4CFC922F927E8700850457 /* ScaffoldNode.swift */; };
		9B4CFC952F927EAB00850457 /* CityScene.swift in Sources */ = {isa = PBXBuildFile; fileRef = 9B4CFC942F927EAB00850457 /* CityScene.swift */; };
		9B4CFC972F927EB200850457 /* CitySceneView.swift in Sources */ = {isa = PBXBuildFile; fileRef = 9B4CFC962F927EB200850457 /* CitySceneView.swift */; };
		9B4CFC992F927EC000850457 /* ResourcePill.swift in Sources */ = {isa = PBXBuildFile; fileRef = 9B4CFC982F927EC000850457 /* ResourcePill.swift */; };
		9B4CFC9B2F927EC100850457 /* TopHUD.swift in Sources */ = {isa = PBXBuildFile; fileRef = 9B4CFC9A2F927EC100850457 /* TopHUD.swift */; };
		9B4CFC9D2F927EC200850457 /* BottomHUD.swift in Sources */ = {isa = PBXBuildFile; fileRef = 9B4CFC9C2F927EC200850457 /* BottomHUD.swift */; };
		9B4CFC9F2F927EDC00850457 /* HQInfoSheet.swift in Sources */ = {isa = PBXBuildFile; fileRef = 9B4CFC9E2F927EDC00850457 /* HQInfoSheet.swift */; };
		9B4CFCA12F927EDD00850457 /* BuildingDetailSheet.swift in Sources */ = {isa = PBXBuildFile; fileRef = 9B4CFCA02F927EDD00850457 /* BuildingDetailSheet.swift */; };
		9B4CFCA32F927EDE00850457 /* BuildSheet.swift in Sources */ = {isa = PBXBuildFile; fileRef = 9B4CFCA22F927EDE00850457 /* BuildSheet.swift */; };
		9B4CFCA52F927F1200850457 /* CountdownLabel.swift in Sources */ = {isa = PBXBuildFile; fileRef = 9B4CFCA42F927F1200850457 /* CountdownLabel.swift */; };
		9B4CFCB12F930000850457 /* WallCornerNode.swift in Sources */ = {isa = PBXBuildFile; fileRef = 9B4CFCB02F930000850457 /* WallCornerNode.swift */; };
		9BDE06A22F97C2720033330D /* ArmyView.swift in Sources */ = {isa = PBXBuildFile; fileRef = 9BDE06A12F97C2710033330D /* ArmyView.swift */; };
		9BDE06A42F97E61C0033330D /* MapTileTestScene.swift in Sources */ = {isa = PBXBuildFile; fileRef = 9BDE06A32F97E61C0033330D /* MapTileTestScene.swift */; };
/* End PBXBuildFile section */

/* Begin PBXContainerItemProxy section */
		4A57FDDB2F92D1E5004559C8 /* PBXContainerItemProxy */ = {
			isa = PBXContainerItemProxy;
			containerPortal = 4A0000000000000000000001 /* Project object */;
			proxyType = 1;
			remoteGlobalIDString = 4A0000000000000000000020;
			remoteInfo = Syndicore;
		};
/* End PBXContainerItemProxy section */

/* Begin PBXFileReference section */
		4A0000000000000000000021 /* Syndicore.app */ = {isa = PBXFileReference; explicitFileType = wrapper.application; includeInIndex = 0; path = Syndicore.app; sourceTree = BUILT_PRODUCTS_DIR; };
		4A0000000000000000000101 /* SyndicoreApp.swift */ = {isa = PBXFileReference; lastKnownFileType = sourcecode.swift; path = SyndicoreApp.swift; sourceTree = "<group>"; };
		4A0000000000000000000102 /* AppState.swift */ = {isa = PBXFileReference; lastKnownFileType = sourcecode.swift; path = AppState.swift; sourceTree = "<group>"; };
		4A0000000000000000000103 /* Faction.swift */ = {isa = PBXFileReference; lastKnownFileType = sourcecode.swift; path = Faction.swift; sourceTree = "<group>"; };
		4A0000000000000000000104 /* Ring.swift */ = {isa = PBXFileReference; lastKnownFileType = sourcecode.swift; path = Ring.swift; sourceTree = "<group>"; };
		4A0000000000000000000105 /* Player.swift */ = {isa = PBXFileReference; lastKnownFileType = sourcecode.swift; path = Player.swift; sourceTree = "<group>"; };
		4A0000000000000000000106 /* World.swift */ = {isa = PBXFileReference; lastKnownFileType = sourcecode.swift; path = World.swift; sourceTree = "<group>"; };
		4A0000000000000000000107 /* Auth.swift */ = {isa = PBXFileReference; lastKnownFileType = sourcecode.swift; path = Auth.swift; sourceTree = "<group>"; };
		4A0000000000000000000108 /* Health.swift */ = {isa = PBXFileReference; lastKnownFileType = sourcecode.swift; path = Health.swift; sourceTree = "<group>"; };
		4A0000000000000000000109 /* APIClient.swift */ = {isa = PBXFileReference; lastKnownFileType = sourcecode.swift; path = APIClient.swift; sourceTree = "<group>"; };
		4A0000000000000000000110 /* APIError.swift */ = {isa = PBXFileReference; lastKnownFileType = sourcecode.swift; path = APIError.swift; sourceTree = "<group>"; };
		4A0000000000000000000111 /* Endpoint.swift */ = {isa = PBXFileReference; lastKnownFileType = sourcecode.swift; path = Endpoint.swift; sourceTree = "<group>"; };
		4A0000000000000000000112 /* TokenProvider.swift */ = {isa = PBXFileReference; lastKnownFileType = sourcecode.swift; path = TokenProvider.swift; sourceTree = "<group>"; };
		4A0000000000000000000113 /* ContentView.swift */ = {isa = PBXFileReference; lastKnownFileType = sourcecode.swift; path = ContentView.swift; sourceTree = "<group>"; };
		4A0000000000000000000114 /* WorldListView.swift */ = {isa = PBXFileReference; lastKnownFileType = sourcecode.swift; path = WorldListView.swift; sourceTree = "<group>"; };
		4A0000000000000000000115 /* OnboardingView.swift */ = {isa = PBXFileReference; lastKnownFileType = sourcecode.swift; path = OnboardingView.swift; sourceTree = "<group>"; };
		4A0000000000000000000116 /* FactionPickerView.swift */ = {isa = PBXFileReference; lastKnownFileType = sourcecode.swift; path = FactionPickerView.swift; sourceTree = "<group>"; };
		4A0000000000000000000117 /* Info.plist */ = {isa = PBXFileReference; lastKnownFileType = text.plist.xml; path = Info.plist; sourceTree = "<group>"; };
		4A0000000000000000000118 /* Assets.xcassets */ = {isa = PBXFileReference; lastKnownFileType = folder.assetcatalog; path = Assets.xcassets; sourceTree = "<group>"; };
		4A57FDD72F92D1E5004559C8 /* SyndicoreTests.xctest */ = {isa = PBXFileReference; explicitFileType = wrapper.cfbundle; includeInIndex = 0; path = SyndicoreTests.xctest; sourceTree = BUILT_PRODUCTS_DIR; };
		4A57FDF02F92D34D004559C8 /* JSONCoder+API.swift */ = {isa = PBXFileReference; lastKnownFileType = sourcecode.swift; path = "JSONCoder+API.swift"; sourceTree = "<group>"; };
		4A57FDF22F92D372004559C8 /* AppConfig.swift */ = {isa = PBXFileReference; lastKnownFileType = sourcecode.swift; path = AppConfig.swift; sourceTree = "<group>"; };
		4A57FDF42F92D838004559C8 /* CityTileSet.swift */ = {isa = PBXFileReference; lastKnownFileType = sourcecode.swift; path = CityTileSet.swift; sourceTree = "<group>"; };
		4A5847D72F94C29A00E4C30B /* SelectedTilePulseNode.swift */ = {isa = PBXFileReference; lastKnownFileType = sourcecode.swift; path = SelectedTilePulseNode.swift; sourceTree = "<group>"; };
		4A5847D92F94C2AE00E4C30B /* ConstructionProgressNode.swift */ = {isa = PBXFileReference; lastKnownFileType = sourcecode.swift; path = ConstructionProgressNode.swift; sourceTree = "<group>"; };
		4A5847DB2F94C2E800E4C30B /* ElectricArcNode.swift */ = {isa = PBXFileReference; lastKnownFileType = sourcecode.swift; path = ElectricArcNode.swift; sourceTree = "<group>"; };
		4A5847DD2F94C2E800E4C30B /* BuildingTooltipNode.swift */ = {isa = PBXFileReference; lastKnownFileType = sourcecode.swift; path = BuildingTooltipNode.swift; sourceTree = "<group>"; };
		4A5847DF2F94C2E800E4C30B /* CelebrationBurstNode.swift */ = {isa = PBXFileReference; lastKnownFileType = sourcecode.swift; path = CelebrationBurstNode.swift; sourceTree = "<group>"; };
		4A5847E12F94C2E800E4C30B /* ParticleTextures.swift */ = {isa = PBXFileReference; lastKnownFileType = sourcecode.swift; path = ParticleTextures.swift; sourceTree = "<group>"; };
		4A5847E32F94C2E900E4C30B /* QueueIndicatorNode.swift */ = {isa = PBXFileReference; lastKnownFileType = sourcecode.swift; path = QueueIndicatorNode.swift; sourceTree = "<group>"; };
		4A5847E52F94C2E900E4C30B /* ResourceTickNode.swift */ = {isa = PBXFileReference; lastKnownFileType = sourcecode.swift; path = ResourceTickNode.swift; sourceTree = "<group>"; };
		4A5847E72F95419900E4C30B /* TileGridEditorView.swift */ = {isa = PBXFileReference; lastKnownFileType = sourcecode.swift; path = TileGridEditorView.swift; sourceTree = "<group>"; };
		4A6F52662F93DA0F00992D0B /* DebugGridOverlayNode.swift */ = {isa = PBXFileReference; lastKnownFileType = sourcecode.swift; path = DebugGridOverlayNode.swift; sourceTree = "<group>"; };
		4A6F52672F93DA0F00992D0B /* SpriteAlignmentTestScene.swift */ = {isa = PBXFileReference; lastKnownFileType = sourcecode.swift; path = SpriteAlignmentTestScene.swift; sourceTree = "<group>"; };
		4A6F52682F93DA0F00992D0B /* SpriteSpec.swift */ = {isa = PBXFileReference; lastKnownFileType = sourcecode.swift; path = SpriteSpec.swift; sourceTree = "<group>"; };
		4A6F526C2F93DA2000992D0B /* SpriteAlignmentTestView.swift */ = {isa = PBXFileReference; lastKnownFileType = sourcecode.swift; path = SpriteAlignmentTestView.swift; sourceTree = "<group>"; };
		4B0000000000000000000101 /* GameData.swift */ = {isa = PBXFileReference; lastKnownFileType = sourcecode.swift; path = GameData.swift; sourceTree = "<group>"; };
		4B0000000000000000000102 /* GameConstantsManager.swift */ = {isa = PBXFileReference; lastKnownFileType = sourcecode.swift; path = GameConstantsManager.swift; sourceTree = "<group>"; };
		4B0000000000000000000103 /* CodexView.swift */ = {isa = PBXFileReference; lastKnownFileType = sourcecode.swift; path = CodexView.swift; sourceTree = "<group>"; };
		4B0000000000000000000104 /* UnitsView.swift */ = {isa = PBXFileReference; lastKnownFileType = sourcecode.swift; path = UnitsView.swift; sourceTree = "<group>"; };
		4B0000000000000000000105 /* UnitDetailView.swift */ = {isa = PBXFileReference; lastKnownFileType = sourcecode.swift; path = UnitDetailView.swift; sourceTree = "<group>"; };
		4B0000000000000000000106 /* BuildingsView.swift */ = {isa = PBXFileReference; lastKnownFileType = sourcecode.swift; path = BuildingsView.swift; sourceTree = "<group>"; };
		4B0000000000000000000107 /* TechTreeView.swift */ = {isa = PBXFileReference; lastKnownFileType = sourcecode.swift; path = TechTreeView.swift; sourceTree = "<group>"; };
		4B0000000000000000000108 /* MapInfoView.swift */ = {isa = PBXFileReference; lastKnownFileType = sourcecode.swift; path = MapInfoView.swift; sourceTree = "<group>"; };
		4B0000000000000000000109 /* SettingsView.swift */ = {isa = PBXFileReference; lastKnownFileType = sourcecode.swift; path = SettingsView.swift; sourceTree = "<group>"; };
		4B0000000000000000000110 /* CityView.swift */ = {isa = PBXFileReference; lastKnownFileType = sourcecode.swift; path = CityView.swift; sourceTree = "<group>"; };
		4B0000000000000000000111 /* TrainingSheet.swift */ = {isa = PBXFileReference; lastKnownFileType = sourcecode.swift; path = TrainingSheet.swift; sourceTree = "<group>"; };
		4B0000000000000000000112 /* MapScene.swift */ = {isa = PBXFileReference; lastKnownFileType = sourcecode.swift; path = MapScene.swift; sourceTree = "<group>"; };
		4B0000000000000000000113 /* MapView.swift */ = {isa = PBXFileReference; lastKnownFileType = sourcecode.swift; path = MapView.swift; sourceTree = "<group>"; };
		9B2E27222F9126D000CA8E81 /* Enums.swift */ = {isa = PBXFileReference; lastKnownFileType = sourcecode.swift; path = Enums.swift; sourceTree = "<group>"; };
		9B2E27242F9126D000CA8E81 /* City.swift */ = {isa = PBXFileReference; lastKnownFileType = sourcecode.swift; path = City.swift; sourceTree = "<group>"; };
		9B2E27262F9126D100CA8E81 /* MapTile.swift */ = {isa = PBXFileReference; lastKnownFileType = sourcecode.swift; path = MapTile.swift; sourceTree = "<group>"; };
		9B2E27282F9126D200CA8E81 /* BattleReport.swift */ = {isa = PBXFileReference; lastKnownFileType = sourcecode.swift; path = BattleReport.swift; sourceTree = "<group>"; };
		9B2E272C2F91271900CA8E81 /* SplashView.swift */ = {isa = PBXFileReference; lastKnownFileType = sourcecode.swift; path = SplashView.swift; sourceTree = "<group>"; };
		9B2E272E2F91271900CA8E81 /* AuthView.swift */ = {isa = PBXFileReference; lastKnownFileType = sourcecode.swift; path = AuthView.swift; sourceTree = "<group>"; };
		9B2E27302F91271A00CA8E81 /* MainGameView.swift */ = {isa = PBXFileReference; lastKnownFileType = sourcecode.swift; path = MainGameView.swift; sourceTree = "<group>"; };
		9B2E27322F91271B00CA8E81 /* Config.plist */ = {isa = PBXFileReference; lastKnownFileType = text.plist.xml; path = Config.plist; sourceTree = "<group>"; };
		9B2E27362F91276600CA8E81 /* SupabaseManager.swift */ = {isa = PBXFileReference; lastKnownFileType = sourcecode.swift; path = SupabaseManager.swift; sourceTree = "<group>"; };
		9B4CFC7F2F9269A900850457 /* Syndicore.entitlements */ = {isa = PBXFileReference; lastKnownFileType = text.plist.entitlements; path = Syndicore.entitlements; sourceTree = "<group>"; };
		9B4CFC842F927D5A00850457 /* Isometric.swift */ = {isa = PBXFileReference; lastKnownFileType = sourcecode.swift; path = Isometric.swift; sourceTree = "<group>"; };
		9B4CFC862F927D6600850457 /* WallLayout.swift */ = {isa = PBXFileReference; lastKnownFileType = sourcecode.swift; path = WallLayout.swift; sourceTree = "<group>"; };
		9B4CFC882F927E8300850457 /* TileNode.swift */ = {isa = PBXFileReference; lastKnownFileType = sourcecode.swift; path = TileNode.swift; sourceTree = "<group>"; };
		9B4CFC8A2F927E8300850457 /* HQNode.swift */ = {isa = PBXFileReference; lastKnownFileType = sourcecode.swift; path = HQNode.swift; sourceTree = "<group>"; };
		9B4CFC8C2F927E8400850457 /* BuildingNode.swift */ = {isa = PBXFileReference; lastKnownFileType = sourcecode.swift; path = BuildingNode.swift; sourceTree = "<group>"; };
		9B4CFC8E2F927E8500850457 /* WallNode.swift */ = {isa = PBXFileReference; lastKnownFileType = sourcecode.swift; path = WallNode.swift; sourceTree = "<group>"; };
		9B4CFC902F927E8600850457 /* CornerPylonNode.swift */ = {isa = PBXFileReference; lastKnownFileType = sourcecode.swift; path = CornerPylonNode.swift; sourceTree = "<group>"; };
		9B4CFC922F927E8700850457 /* ScaffoldNode.swift */ = {isa = PBXFileReference; lastKnownFileType = sourcecode.swift; path = ScaffoldNode.swift; sourceTree = "<group>"; };
		9B4CFC942F927EAB00850457 /* CityScene.swift */ = {isa = PBXFileReference; lastKnownFileType = sourcecode.swift; path = CityScene.swift; sourceTree = "<group>"; };
		9B4CFC962F927EB200850457 /* CitySceneView.swift */ = {isa = PBXFileReference; lastKnownFileType = sourcecode.swift; path = CitySceneView.swift; sourceTree = "<group>"; };
		9B4CFC982F927EC000850457 /* ResourcePill.swift */ = {isa = PBXFileReference; lastKnownFileType = sourcecode.swift; path = ResourcePill.swift; sourceTree = "<group>"; };
		9B4CFC9A2F927EC100850457 /* TopHUD.swift */ = {isa = PBXFileReference; lastKnownFileType = sourcecode.swift; path = TopHUD.swift; sourceTree = "<group>"; };
		9B4CFC9C2F927EC200850457 /* BottomHUD.swift */ = {isa = PBXFileReference; lastKnownFileType = sourcecode.swift; path = BottomHUD.swift; sourceTree = "<group>"; };
		9B4CFC9E2F927EDC00850457 /* HQInfoSheet.swift */ = {isa = PBXFileReference; lastKnownFileType = sourcecode.swift; path = HQInfoSheet.swift; sourceTree = "<group>"; };
		9B4CFCA02F927EDD00850457 /* BuildingDetailSheet.swift */ = {isa = PBXFileReference; lastKnownFileType = sourcecode.swift; path = BuildingDetailSheet.swift; sourceTree = "<group>"; };
		9B4CFCA22F927EDE00850457 /* BuildSheet.swift */ = {isa = PBXFileReference; lastKnownFileType = sourcecode.swift; path = BuildSheet.swift; sourceTree = "<group>"; };
		9B4CFCA42F927F1200850457 /* CountdownLabel.swift */ = {isa = PBXFileReference; lastKnownFileType = sourcecode.swift; path = CountdownLabel.swift; sourceTree = "<group>"; };
		9B4CFCB02F930000850457 /* WallCornerNode.swift */ = {isa = PBXFileReference; lastKnownFileType = sourcecode.swift; path = WallCornerNode.swift; sourceTree = "<group>"; };
		9BDE06A12F97C2710033330D /* ArmyView.swift */ = {isa = PBXFileReference; lastKnownFileType = sourcecode.swift; path = ArmyView.swift; sourceTree = "<group>"; };
		9BDE06A32F97E61C0033330D /* MapTileTestScene.swift */ = {isa = PBXFileReference; lastKnownFileType = sourcecode.swift; path = MapTileTestScene.swift; sourceTree = "<group>"; };
/* End PBXFileReference section */

/* Begin PBXFileSystemSynchronizedRootGroup section */
		4A57FDD82F92D1E5004559C8 /* SyndicoreTests */ = {isa = PBXFileSystemSynchronizedRootGroup; explicitFileTypes = {}; explicitFolders = (); path = SyndicoreTests; sourceTree = "<group>"; };
/* End PBXFileSystemSynchronizedRootGroup section */

/* Begin PBXFrameworksBuildPhase section */
		4A0000000000000000000032 /* Frameworks */ = {
			isa = PBXFrameworksBuildPhase;
			buildActionMask = 2147483647;
			files = (
				4A0000000000000000000218 /* Supabase in Frameworks */,
			);
			runOnlyForDeploymentPostprocessing = 0;
		};
		4A57FDD42F92D1E5004559C8 /* Frameworks */ = {
			isa = PBXFrameworksBuildPhase;
			buildActionMask = 2147483647;
			files = (
			);
			runOnlyForDeploymentPostprocessing = 0;
		};
/* End PBXFrameworksBuildPhase section */

/* Begin PBXGroup section */
		4A0000000000000000000010 = {
			isa = PBXGroup;
			children = (
				4A0000000000000000000011 /* Syndicore */,
				4A57FDD82F92D1E5004559C8 /* SyndicoreTests */,
				4A0000000000000000000017 /* Products */,
			);
			sourceTree = "<group>";
		};
		4A0000000000000000000011 /* Syndicore */ = {
			isa = PBXGroup;
			children = (
				9B4CFC7F2F9269A900850457 /* Syndicore.entitlements */,
				4A0000000000000000000012 /* App */,
				4A0000000000000000000013 /* Models */,
				4A0000000000000000000014 /* Networking */,
				4A0000000000000000000015 /* Views */,
				4A0000000000000000000016 /* Resources */,
				9B2E27352F91275700CA8E81 /* Services */,
				4B0000000000000000000200 /* Map */,
			);
			path = Syndicore;
			sourceTree = "<group>";
		};
		4A0000000000000000000012 /* App */ = {
			isa = PBXGroup;
			children = (
				4A57FDF22F92D372004559C8 /* AppConfig.swift */,
				4A0000000000000000000101 /* SyndicoreApp.swift */,
				4A0000000000000000000102 /* AppState.swift */,
			);
			path = App;
			sourceTree = "<group>";
		};
		4A0000000000000000000013 /* Models */ = {
			isa = PBXGroup;
			children = (
				4A0000000000000000000103 /* Faction.swift */,
				4A0000000000000000000104 /* Ring.swift */,
				4A0000000000000000000105 /* Player.swift */,
				4A0000000000000000000106 /* World.swift */,
				4A0000000000000000000107 /* Auth.swift */,
				4A0000000000000000000108 /* Health.swift */,
				9B2E27222F9126D000CA8E81 /* Enums.swift */,
				9B2E27242F9126D000CA8E81 /* City.swift */,
				9B2E27262F9126D100CA8E81 /* MapTile.swift */,
				9B2E27282F9126D200CA8E81 /* BattleReport.swift */,
				4B0000000000000000000101 /* GameData.swift */,
			);
			path = Models;
			sourceTree = "<group>";
		};
		4A0000000000000000000014 /* Networking */ = {
			isa = PBXGroup;
			children = (
				4A57FDF02F92D34D004559C8 /* JSONCoder+API.swift */,
				4A0000000000000000000109 /* APIClient.swift */,
				4A0000000000000000000110 /* APIError.swift */,
				4A0000000000000000000111 /* Endpoint.swift */,
				4A0000000000000000000112 /* TokenProvider.swift */,
				4B0000000000000000000102 /* GameConstantsManager.swift */,
			);
			path = Networking;
			sourceTree = "<group>";
		};
		4A0000000000000000000015 /* Views */ = {
			isa = PBXGroup;
			children = (
				4A6F526C2F93DA2000992D0B /* SpriteAlignmentTestView.swift */,
				4A0000000000000000000113 /* ContentView.swift */,
				4A0000000000000000000114 /* WorldListView.swift */,
				4A0000000000000000000115 /* OnboardingView.swift */,
				4A0000000000000000000116 /* FactionPickerView.swift */,
				9B2E272C2F91271900CA8E81 /* SplashView.swift */,
				9B2E272E2F91271900CA8E81 /* AuthView.swift */,
				9B2E27302F91271A00CA8E81 /* MainGameView.swift */,
				4B0000000000000000000103 /* CodexView.swift */,
				4B0000000000000000000104 /* UnitsView.swift */,
				4B0000000000000000000105 /* UnitDetailView.swift */,
				4B0000000000000000000106 /* BuildingsView.swift */,
				4B0000000000000000000107 /* TechTreeView.swift */,
				4B0000000000000000000108 /* MapInfoView.swift */,
				4B0000000000000000000109 /* SettingsView.swift */,
				4B0000000000000000000110 /* CityView.swift */,
				4B0000000000000000000111 /* TrainingSheet.swift */,
				9B4CFC802F927D4000850457 /* City */,
				9B4CFCA42F927F1200850457 /* CountdownLabel.swift */,
				9BDE06A12F97C2710033330D /* ArmyView.swift */,
			);
			path = Views;
			sourceTree = "<group>";
		};
		4A0000000000000000000016 /* Resources */ = {
			isa = PBXGroup;
			children = (
				4A0000000000000000000118 /* Assets.xcassets */,
				4A0000000000000000000117 /* Info.plist */,
				9B2E27322F91271B00CA8E81 /* Config.plist */,
			);
			path = Resources;
			sourceTree = "<group>";
		};
		4A0000000000000000000017 /* Products */ = {
			isa = PBXGroup;
			children = (
				4A0000000000000000000021 /* Syndicore.app */,
				4A57FDD72F92D1E5004559C8 /* SyndicoreTests.xctest */,
			);
			name = Products;
			sourceTree = "<group>";
		};
		4A5847D62F94C21F00E4C30B /* Effects 2 */ = {
			isa = PBXGroup;
			children = (
				4A5847D92F94C2AE00E4C30B /* ConstructionProgressNode.swift */,
				4A5847DB2F94C2E800E4C30B /* ElectricArcNode.swift */,
				4A5847DD2F94C2E800E4C30B /* BuildingTooltipNode.swift */,
				4A5847DF2F94C2E800E4C30B /* CelebrationBurstNode.swift */,
				4A5847E12F94C2E800E4C30B /* ParticleTextures.swift */,
				4A5847E32F94C2E900E4C30B /* QueueIndicatorNode.swift */,
				4A5847E52F94C2E900E4C30B /* ResourceTickNode.swift */,
			);
			path = "Effects 2";
			sourceTree = "<group>";
		};
		4B0000000000000000000200 /* Map */ = {
			isa = PBXGroup;
			children = (
				4B0000000000000000000112 /* MapScene.swift */,
				4B0000000000000000000113 /* MapView.swift */,
				9BDE06A32F97E61C0033330D /* MapTileTestScene.swift */,
			);
			path = Map;
			sourceTree = "<group>";
		};
		9B2E27352F91275700CA8E81 /* Services */ = {
			isa = PBXGroup;
			children = (
				9B2E27362F91276600CA8E81 /* SupabaseManager.swift */,
			);
			path = Services;
			sourceTree = "<group>";
		};
		9B4CFC802F927D4000850457 /* City */ = {
			isa = PBXGroup;
			children = (
				9B4CFC812F927D4300850457 /* Scene */,
				9B4CFC822F927D4400850457 /* HUD */,
				9B4CFC832F927D4400850457 /* Sheets */,
			);
			path = City;
			sourceTree = "<group>";
		};
		9B4CFC812F927D4300850457 /* Scene */ = {
			isa = PBXGroup;
			children = (
				4A6F52662F93DA0F00992D0B /* DebugGridOverlayNode.swift */,
				4A6F52672F93DA0F00992D0B /* SpriteAlignmentTestScene.swift */,
				4A6F52682F93DA0F00992D0B /* SpriteSpec.swift */,
				9B4CFC842F927D5A00850457 /* Isometric.swift */,
				9B4CFC862F927D6600850457 /* WallLayout.swift */,
				9B4CFC882F927E8300850457 /* TileNode.swift */,
				9B4CFC8A2F927E8300850457 /* HQNode.swift */,
				9B4CFC8C2F927E8400850457 /* BuildingNode.swift */,
				9B4CFC8E2F927E8500850457 /* WallNode.swift */,
				9B4CFCB02F930000850457 /* WallCornerNode.swift */,
				9B4CFC902F927E8600850457 /* CornerPylonNode.swift */,
				9B4CFC922F927E8700850457 /* ScaffoldNode.swift */,
				9B4CFC942F927EAB00850457 /* CityScene.swift */,
				9B4CFC962F927EB200850457 /* CitySceneView.swift */,
				4A57FDF42F92D838004559C8 /* CityTileSet.swift */,
				4A5847D62F94C21F00E4C30B /* Effects 2 */,
				4A5847D72F94C29A00E4C30B /* SelectedTilePulseNode.swift */,
				4A5847E72F95419900E4C30B /* TileGridEditorView.swift */,
			);
			path = Scene;
			sourceTree = "<group>";
		};
		9B4CFC822F927D4400850457 /* HUD */ = {
			isa = PBXGroup;
			children = (
				9B4CFC982F927EC000850457 /* ResourcePill.swift */,
				9B4CFC9A2F927EC100850457 /* TopHUD.swift */,
				9B4CFC9C2F927EC200850457 /* BottomHUD.swift */,
			);
			path = HUD;
			sourceTree = "<group>";
		};
		9B4CFC832F927D4400850457 /* Sheets */ = {
			isa = PBXGroup;
			children = (
				9B4CFC9E2F927EDC00850457 /* HQInfoSheet.swift */,
				9B4CFCA02F927EDD00850457 /* BuildingDetailSheet.swift */,
				9B4CFCA22F927EDE00850457 /* BuildSheet.swift */,
			);
			path = Sheets;
			sourceTree = "<group>";
		};
/* End PBXGroup section */

/* Begin PBXNativeTarget section */
		4A0000000000000000000020 /* Syndicore */ = {
			isa = PBXNativeTarget;
			buildConfigurationList = 4A0000000000000000000041 /* Build configuration list for PBXNativeTarget "Syndicore" */;
			buildPhases = (
				4A0000000000000000000030 /* Sources */,
				4A0000000000000000000031 /* Resources */,
				4A0000000000000000000032 /* Frameworks */,
			);
			buildRules = (
			);
			dependencies = (
			);
			name = Syndicore;
			packageProductDependencies = (
				4A0000000000000000000301 /* Supabase */,
			);
			productName = Syndicore;
			productReference = 4A0000000000000000000021 /* Syndicore.app */;
			productType = "com.apple.product-type.application";
		};
		4A57FDD62F92D1E5004559C8 /* SyndicoreTests */ = {
			isa = PBXNativeTarget;
			buildConfigurationList = 4A57FDDF2F92D1E5004559C8 /* Build configuration list for PBXNativeTarget "SyndicoreTests" */;
			buildPhases = (
				4A57FDD32F92D1E5004559C8 /* Sources */,
				4A57FDD42F92D1E5004559C8 /* Frameworks */,
				4A57FDD52F92D1E5004559C8 /* Resources */,
			);
			buildRules = (
			);
			dependencies = (
				4A57FDDC2F92D1E5004559C8 /* PBXTargetDependency */,
			);
			fileSystemSynchronizedGroups = (
				4A57FDD82F92D1E5004559C8 /* SyndicoreTests */,
			);
			name = SyndicoreTests;
			packageProductDependencies = (
			);
			productName = SyndicoreTests;
			productReference = 4A57FDD72F92D1E5004559C8 /* SyndicoreTests.xctest */;
			productType = "com.apple.product-type.bundle.unit-test";
		};
/* End PBXNativeTarget section */

/* Begin PBXProject section */
		4A0000000000000000000001 /* Project object */ = {
			isa = PBXProject;
			attributes = {
				BuildIndependentTargetsInParallel = 1;
				LastSwiftUpdateCheck = 2640;
				LastUpgradeCheck = 1500;
				TargetAttributes = {
					4A0000000000000000000020 = {
						CreatedOnToolsVersion = 15.0;
					};
					4A57FDD62F92D1E5004559C8 = {
						CreatedOnToolsVersion = 26.4;
						TestTargetID = 4A0000000000000000000020;
					};
				};
			};
			buildConfigurationList = 4A0000000000000000000040 /* Build configuration list for PBXProject "Syndicore" */;
			compatibilityVersion = "Xcode 14.0";
			developmentRegion = en;
			hasScannedForEncodings = 0;
			knownRegions = (
				en,
				Base,
			);
			mainGroup = 4A0000000000000000000010;
			packageReferences = (
				4A0000000000000000000300 /* XCRemoteSwiftPackageReference "supabase-swift" */,
			);
			productRefGroup = 4A0000000000000000000017 /* Products */;
			projectDirPath = "";
			projectRoot = "";
			targets = (
				4A0000000000000000000020 /* Syndicore */,
				4A57FDD62F92D1E5004559C8 /* SyndicoreTests */,
			);
		};
/* End PBXProject section */

/* Begin PBXResourcesBuildPhase section */
		4A0000000000000000000031 /* Resources */ = {
			isa = PBXResourcesBuildPhase;
			buildActionMask = 2147483647;
			files = (
				9B2E27332F91271B00CA8E81 /* Config.plist in Resources */,
				4A0000000000000000000217 /* Assets.xcassets in Resources */,
			);
			runOnlyForDeploymentPostprocessing = 0;
		};
		4A57FDD52F92D1E5004559C8 /* Resources */ = {
			isa = PBXResourcesBuildPhase;
			buildActionMask = 2147483647;
			files = (
			);
			runOnlyForDeploymentPostprocessing = 0;
		};
/* End PBXResourcesBuildPhase section */

/* Begin PBXSourcesBuildPhase section */
		4A0000000000000000000030 /* Sources */ = {
			isa = PBXSourcesBuildPhase;
			buildActionMask = 2147483647;
			files = (
				4A0000000000000000000201 /* SyndicoreApp.swift in Sources */,
				4A57FDF12F92D34D004559C8 /* JSONCoder+API.swift in Sources */,
				4A0000000000000000000202 /* AppState.swift in Sources */,
				9B4CFC9B2F927EC100850457 /* TopHUD.swift in Sources */,
				9B2E27252F9126D000CA8E81 /* City.swift in Sources */,
				4A0000000000000000000203 /* Faction.swift in Sources */,
				4A0000000000000000000204 /* Ring.swift in Sources */,
				9B4CFC912F927E8600850457 /* CornerPylonNode.swift in Sources */,
				4A5847E82F95419900E4C30B /* TileGridEditorView.swift in Sources */,
				9B4CFC992F927EC000850457 /* ResourcePill.swift in Sources */,
				9B4CFC852F927D5A00850457 /* Isometric.swift in Sources */,
				4A0000000000000000000205 /* Player.swift in Sources */,
				9B2E27232F9126D000CA8E81 /* Enums.swift in Sources */,
				4A0000000000000000000206 /* World.swift in Sources */,
				4A0000000000000000000207 /* Auth.swift in Sources */,
				4A0000000000000000000208 /* Health.swift in Sources */,
				9B4CFC8B2F927E8300850457 /* HQNode.swift in Sources */,
				4A0000000000000000000209 /* APIClient.swift in Sources */,
				4A5847E02F94C2E800E4C30B /* CelebrationBurstNode.swift in Sources */,
				4A57FDF32F92D372004559C8 /* AppConfig.swift in Sources */,
				9B2E27312F91271A00CA8E81 /* MainGameView.swift in Sources */,
				9BDE06A22F97C2720033330D /* ArmyView.swift in Sources */,
				4A0000000000000000000210 /* APIError.swift in Sources */,
				9B4CFCA32F927EDE00850457 /* BuildSheet.swift in Sources */,
				9B4CFC8D2F927E8400850457 /* BuildingNode.swift in Sources */,
				9B2E27272F9126D100CA8E81 /* MapTile.swift in Sources */,
				9B2E27292F9126D200CA8E81 /* BattleReport.swift in Sources */,
				9B2E27372F91276600CA8E81 /* SupabaseManager.swift in Sources */,
				4A0000000000000000000211 /* Endpoint.swift in Sources */,
				4A6F526D2F93DA2000992D0B /* SpriteAlignmentTestView.swift in Sources */,
				9B4CFC9F2F927EDC00850457 /* HQInfoSheet.swift in Sources */,
				4A0000000000000000000212 /* TokenProvider.swift in Sources */,
				9B4CFC932F927E8700850457 /* ScaffoldNode.swift in Sources */,
				4A0000000000000000000213 /* ContentView.swift in Sources */,
				4A5847DA2F94C2AE00E4C30B /* ConstructionProgressNode.swift in Sources */,
				4A0000000000000000000214 /* WorldListView.swift in Sources */,
				4A57FDF52F92D838004559C8 /* CityTileSet.swift in Sources */,
				4A6F52692F93DA0F00992D0B /* SpriteSpec.swift in Sources */,
				4A6F526A2F93DA0F00992D0B /* DebugGridOverlayNode.swift in Sources */,
				4A6F526B2F93DA0F00992D0B /* SpriteAlignmentTestScene.swift in Sources */,
				4A0000000000000000000215 /* OnboardingView.swift in Sources */,
				4A0000000000000000000216 /* FactionPickerView.swift in Sources */,
				9B2E272F2F91271900CA8E81 /* AuthView.swift in Sources */,
				9B4CFC872F927D6600850457 /* WallLayout.swift in Sources */,
				9B2E272D2F91271900CA8E81 /* SplashView.swift in Sources */,
				4B0000000000000000000001 /* GameData.swift in Sources */,
				4B0000000000000000000002 /* GameConstantsManager.swift in Sources */,
				4B0000000000000000000003 /* CodexView.swift in Sources */,
				9BDE06A42F97E61C0033330D /* MapTileTestScene.swift in Sources */,
				9B4CFC8F2F927E8500850457 /* WallNode.swift in Sources */,
				9B4CFCB12F930000850457 /* WallCornerNode.swift in Sources */,
				4B0000000000000000000004 /* UnitsView.swift in Sources */,
				4A5847E42F94C2E900E4C30B /* QueueIndicatorNode.swift in Sources */,
				4A5847E22F94C2E800E4C30B /* ParticleTextures.swift in Sources */,
				9B4CFCA12F927EDD00850457 /* BuildingDetailSheet.swift in Sources */,
				9B4CFCA52F927F1200850457 /* CountdownLabel.swift in Sources */,
				4A5847DC2F94C2E800E4C30B /* ElectricArcNode.swift in Sources */,
				4A5847DE2F94C2E800E4C30B /* BuildingTooltipNode.swift in Sources */,
				9B4CFC952F927EAB00850457 /* CityScene.swift in Sources */,
				4B0000000000000000000005 /* UnitDetailView.swift in Sources */,
				4B0000000000000000000006 /* BuildingsView.swift in Sources */,
				9B4CFC972F927EB200850457 /* CitySceneView.swift in Sources */,
				4B0000000000000000000007 /* TechTreeView.swift in Sources */,
				4B0000000000000000000008 /* MapInfoView.swift in Sources */,
				4A5847D82F94C29A00E4C30B /* SelectedTilePulseNode.swift in Sources */,
				4B0000000000000000000009 /* SettingsView.swift in Sources */,
				9B4CFC9D2F927EC200850457 /* BottomHUD.swift in Sources */,
				4A5847E62F94C2E900E4C30B /* ResourceTickNode.swift in Sources */,
				4B0000000000000000000010 /* CityView.swift in Sources */,
				4B0000000000000000000011 /* TrainingSheet.swift in Sources */,
				9B4CFC892F927E8300850457 /* TileNode.swift in Sources */,
				4B0000000000000000000012 /* MapScene.swift in Sources */,
				4B0000000000000000000013 /* MapView.swift in Sources */,
			);
			runOnlyForDeploymentPostprocessing = 0;
		};
		4A57FDD32F92D1E5004559C8 /* Sources */ = {
			isa = PBXSourcesBuildPhase;
			buildActionMask = 2147483647;
			files = (
			);
			runOnlyForDeploymentPostprocessing = 0;
		};
/* End PBXSourcesBuildPhase section */

/* Begin PBXTargetDependency section */
		4A57FDDC2F92D1E5004559C8 /* PBXTargetDependency */ = {
			isa = PBXTargetDependency;
			target = 4A0000000000000000000020 /* Syndicore */;
			targetProxy = 4A57FDDB2F92D1E5004559C8 /* PBXContainerItemProxy */;
		};
/* End PBXTargetDependency section */

/* Begin XCBuildConfiguration section */
		4A0000000000000000000042 /* Debug */ = {
			isa = XCBuildConfiguration;
			buildSettings = {
				ALWAYS_SEARCH_USER_PATHS = NO;
				ASSETCATALOG_COMPILER_GENERATE_SWIFT_ASSET_SYMBOL_EXTENSIONS = YES;
				CLANG_ANALYZER_NONNULL = YES;
				CLANG_ANALYZER_NUMBER_OBJECT_CONVERSION = YES_AGGRESSIVE;
				CLANG_CXX_LANGUAGE_STANDARD = "gnu++20";
				CLANG_ENABLE_MODULES = YES;
				CLANG_ENABLE_OBJC_ARC = YES;
				CLANG_ENABLE_OBJC_WEAK = YES;
				CLANG_WARN_BLOCK_CAPTURE_AUTORELEASING = YES;
				CLANG_WARN_BOOL_CONVERSION = YES;
				CLANG_WARN_COMMA = YES;
				CLANG_WARN_CONSTANT_CONVERSION = YES;
				CLANG_WARN_DEPRECATED_OBJC_IMPLEMENTATIONS = YES;
				CLANG_WARN_DIRECT_OBJC_ISA_USAGE = YES_ERROR;
				CLANG_WARN_DOCUMENTATION_COMMENTS = YES;
				CLANG_WARN_EMPTY_BODY = YES;
				CLANG_WARN_ENUM_CONVERSION = YES;
				CLANG_WARN_INFINITE_RECURSION = YES;
				CLANG_WARN_INT_CONVERSION = YES;
				CLANG_WARN_NON_LITERAL_NULL_CONVERSION = YES;
				CLANG_WARN_OBJC_IMPLICIT_RETAIN_SELF = YES;
				CLANG_WARN_OBJC_LITERAL_CONVERSION = YES;
				CLANG_WARN_OBJC_ROOT_CLASS = YES_ERROR;
				CLANG_WARN_QUOTED_INCLUDE_IN_FRAMEWORK_HEADER = YES;
				CLANG_WARN_RANGE_LOOP_ANALYSIS = YES;
				CLANG_WARN_STRICT_PROTOTYPES = YES;
				CLANG_WARN_SUSPICIOUS_MOVE = YES;
				CLANG_WARN_UNGUARDED_AVAILABILITY = YES_AGGRESSIVE;
				CLANG_WARN_UNREACHABLE_CODE = YES;
				CLANG_WARN__DUPLICATE_METHOD_MATCH = YES;
				COPY_PHASE_STRIP = NO;
				DEBUG_INFORMATION_FORMAT = dwarf;
				ENABLE_STRICT_OBJC_MSGSEND = YES;
				ENABLE_TESTABILITY = YES;
				ENABLE_USER_SCRIPT_SANDBOXING = YES;
				GCC_C_LANGUAGE_STANDARD = gnu17;
				GCC_DYNAMIC_NO_PIC = NO;
				GCC_NO_COMMON_BLOCKS = YES;
				GCC_OPTIMIZATION_LEVEL = 0;
				GCC_PREPROCESSOR_DEFINITIONS = (
					"DEBUG=1",
					"$(inherited)",
				);
				GCC_WARN_64_TO_32_BIT_CONVERSION = YES;
				GCC_WARN_ABOUT_RETURN_TYPE = YES_ERROR;
				GCC_WARN_UNDECLARED_SELECTOR = YES;
				GCC_WARN_UNINITIALIZED_AUTOS = YES_AGGRESSIVE;
				GCC_WARN_UNUSED_FUNCTION = YES;
				GCC_WARN_UNUSED_VARIABLE = YES;
				IPHONEOS_DEPLOYMENT_TARGET = 17.0;
				MTL_ENABLE_DEBUG_INFO = INCLUDE_SOURCE;
				MTL_FAST_MATH = YES;
				ONLY_ACTIVE_ARCH = YES;
				SDKROOT = iphoneos;
				SWIFT_ACTIVE_COMPILATION_CONDITIONS = "DEBUG $(inherited)";
				SWIFT_OPTIMIZATION_LEVEL = "-Onone";
			};
			name = Debug;
		};
		4A0000000000000000000043 /* Release */ = {
			isa = XCBuildConfiguration;
			buildSettings = {
				ALWAYS_SEARCH_USER_PATHS = NO;
				ASSETCATALOG_COMPILER_GENERATE_SWIFT_ASSET_SYMBOL_EXTENSIONS = YES;
				CLANG_ANALYZER_NONNULL = YES;
				CLANG_ANALYZER_NUMBER_OBJECT_CONVERSION = YES_AGGRESSIVE;
				CLANG_CXX_LANGUAGE_STANDARD = "gnu++20";
				CLANG_ENABLE_MODULES = YES;
				CLANG_ENABLE_OBJC_ARC = YES;
				CLANG_ENABLE_OBJC_WEAK = YES;
				CLANG_WARN_BLOCK_CAPTURE_AUTORELEASING = YES;
				CLANG_WARN_BOOL_CONVERSION = YES;
				CLANG_WARN_COMMA = YES;
				CLANG_WARN_CONSTANT_CONVERSION = YES;
				CLANG_WARN_DEPRECATED_OBJC_IMPLEMENTATIONS = YES;
				CLANG_WARN_DIRECT_OBJC_ISA_USAGE = YES_ERROR;
				CLANG_WARN_DOCUMENTATION_COMMENTS = YES;
				CLANG_WARN_EMPTY_BODY = YES;
				CLANG_WARN_ENUM_CONVERSION = YES;
				CLANG_WARN_INFINITE_RECURSION = YES;
				CLANG_WARN_INT_CONVERSION = YES;
				CLANG_WARN_NON_LITERAL_NULL_CONVERSION = YES;
				CLANG_WARN_OBJC_IMPLICIT_RETAIN_SELF = YES;
				CLANG_WARN_OBJC_LITERAL_CONVERSION = YES;
				CLANG_WARN_OBJC_ROOT_CLASS = YES_ERROR;
				CLANG_WARN_QUOTED_INCLUDE_IN_FRAMEWORK_HEADER = YES;
				CLANG_WARN_RANGE_LOOP_ANALYSIS = YES;
				CLANG_WARN_STRICT_PROTOTYPES = YES;
				CLANG_WARN_SUSPICIOUS_MOVE = YES;
				CLANG_WARN_UNGUARDED_AVAILABILITY = YES_AGGRESSIVE;
				CLANG_WARN_UNREACHABLE_CODE = YES;
				CLANG_WARN__DUPLICATE_METHOD_MATCH = YES;
				COPY_PHASE_STRIP = NO;
				DEBUG_INFORMATION_FORMAT = "dwarf-with-dsym";
				ENABLE_NS_ASSERTIONS = NO;
				ENABLE_STRICT_OBJC_MSGSEND = YES;
				ENABLE_USER_SCRIPT_SANDBOXING = YES;
				GCC_C_LANGUAGE_STANDARD = gnu17;
				GCC_NO_COMMON_BLOCKS = YES;
				GCC_WARN_64_TO_32_BIT_CONVERSION = YES;
				GCC_WARN_ABOUT_RETURN_TYPE = YES_ERROR;
				GCC_WARN_UNDECLARED_SELECTOR = YES;
				GCC_WARN_UNINITIALIZED_AUTOS = YES_AGGRESSIVE;
				GCC_WARN_UNUSED_FUNCTION = YES;
				GCC_WARN_UNUSED_VARIABLE = YES;
				IPHONEOS_DEPLOYMENT_TARGET = 17.0;
				MTL_FAST_MATH = YES;
				SDKROOT = iphoneos;
				SWIFT_COMPILATION_MODE = wholemodule;
				VALIDATE_PRODUCT = YES;
			};
			name = Release;
		};
		4A0000000000000000000044 /* Debug */ = {
			isa = XCBuildConfiguration;
			buildSettings = {
				ASSETCATALOG_COMPILER_APPICON_NAME = AppIcon;
				ASSETCATALOG_COMPILER_GLOBAL_ACCENT_COLOR_NAME = AccentColor;
				ASSETCATALOG_COMPILER_INCLUDE_ALL_APPICON_ASSETS = YES;
				CODE_SIGN_ENTITLEMENTS = Syndicore/Syndicore.entitlements;
				CODE_SIGN_STYLE = Automatic;
				CURRENT_PROJECT_VERSION = 1;
				DEVELOPMENT_TEAM = QM5HHVW582;
				INFOPLIST_FILE = Syndicore/Resources/Info.plist;
				INFOPLIST_KEY_CFBundleDisplayName = Syndicore;
				INFOPLIST_KEY_LSApplicationCategoryType = "public.app-category.strategy-games";
				IPHONEOS_DEPLOYMENT_TARGET = 18.6;
				LD_RUNPATH_SEARCH_PATHS = (
					"$(inherited)",
					"@executable_path/Frameworks",
				);
				MARKETING_VERSION = 0.1.0;
				PRODUCT_BUNDLE_IDENTIFIER = com.syndicore.ios;
				PRODUCT_NAME = "$(TARGET_NAME)";
				SUPPORTED_PLATFORMS = "iphoneos iphonesimulator";
				SUPPORTS_MACCATALYST = NO;
				SUPPORTS_MAC_DESIGNED_FOR_IPHONE_IPAD = NO;
				SUPPORTS_XR_DESIGNED_FOR_IPHONE_IPAD = NO;
				SWIFT_EMIT_LOC_STRINGS = YES;
				SWIFT_STRICT_CONCURRENCY = complete;
				SWIFT_VERSION = 5.0;
				TARGETED_DEVICE_FAMILY = "1,2";
			};
			name = Debug;
		};
		4A0000000000000000000045 /* Release */ = {
			isa = XCBuildConfiguration;
			buildSettings = {
				ASSETCATALOG_COMPILER_APPICON_NAME = AppIcon;
				ASSETCATALOG_COMPILER_GLOBAL_ACCENT_COLOR_NAME = AccentColor;
				ASSETCATALOG_COMPILER_INCLUDE_ALL_APPICON_ASSETS = YES;
				CODE_SIGN_ENTITLEMENTS = Syndicore/Syndicore.entitlements;
				CODE_SIGN_STYLE = Automatic;
				CURRENT_PROJECT_VERSION = 1;
				DEVELOPMENT_TEAM = QM5HHVW582;
				INFOPLIST_FILE = Syndicore/Resources/Info.plist;
				INFOPLIST_KEY_CFBundleDisplayName = Syndicore;
				INFOPLIST_KEY_LSApplicationCategoryType = "public.app-category.strategy-games";
				IPHONEOS_DEPLOYMENT_TARGET = 18.6;
				LD_RUNPATH_SEARCH_PATHS = (
					"$(inherited)",
					"@executable_path/Frameworks",
				);
				MARKETING_VERSION = 0.1.0;
				PRODUCT_BUNDLE_IDENTIFIER = com.syndicore.ios;
				PRODUCT_NAME = "$(TARGET_NAME)";
				SUPPORTED_PLATFORMS = "iphoneos iphonesimulator";
				SUPPORTS_MACCATALYST = NO;
				SUPPORTS_MAC_DESIGNED_FOR_IPHONE_IPAD = NO;
				SUPPORTS_XR_DESIGNED_FOR_IPHONE_IPAD = NO;
				SWIFT_EMIT_LOC_STRINGS = YES;
				SWIFT_STRICT_CONCURRENCY = complete;
				SWIFT_VERSION = 5.0;
				TARGETED_DEVICE_FAMILY = "1,2";
			};
			name = Release;
		};
		4A57FDDD2F92D1E5004559C8 /* Debug */ = {
			isa = XCBuildConfiguration;
			buildSettings = {
				BUNDLE_LOADER = "$(TEST_HOST)";
				CODE_SIGN_STYLE = Automatic;
				CURRENT_PROJECT_VERSION = 1;
				DEVELOPMENT_TEAM = QM5HHVW582;
				GENERATE_INFOPLIST_FILE = YES;
				IPHONEOS_DEPLOYMENT_TARGET = 17.6;
				LOCALIZATION_PREFERS_STRING_CATALOGS = YES;
				MARKETING_VERSION = 1.0;
				PRODUCT_BUNDLE_IDENTIFIER = NL.SyndicoreTests;
				PRODUCT_NAME = "$(TARGET_NAME)";
				STRING_CATALOG_GENERATE_SYMBOLS = NO;
				SWIFT_APPROACHABLE_CONCURRENCY = YES;
				SWIFT_EMIT_LOC_STRINGS = NO;
				SWIFT_UPCOMING_FEATURE_MEMBER_IMPORT_VISIBILITY = YES;
				SWIFT_VERSION = 5.0;
				TARGETED_DEVICE_FAMILY = "1,2";
				TEST_HOST = "$(BUILT_PRODUCTS_DIR)/Syndicore.app/$(BUNDLE_EXECUTABLE_FOLDER_PATH)/Syndicore";
			};
			name = Debug;
		};
		4A57FDDE2F92D1E5004559C8 /* Release */ = {
			isa = XCBuildConfiguration;
			buildSettings = {
				BUNDLE_LOADER = "$(TEST_HOST)";
				CODE_SIGN_STYLE = Automatic;
				CURRENT_PROJECT_VERSION = 1;
				DEVELOPMENT_TEAM = QM5HHVW582;
				GENERATE_INFOPLIST_FILE = YES;
				IPHONEOS_DEPLOYMENT_TARGET = 17.6;
				LOCALIZATION_PREFERS_STRING_CATALOGS = YES;
				MARKETING_VERSION = 1.0;
				MTL_ENABLE_DEBUG_INFO = NO;
				PRODUCT_BUNDLE_IDENTIFIER = NL.SyndicoreTests;
				PRODUCT_NAME = "$(TARGET_NAME)";
				STRING_CATALOG_GENERATE_SYMBOLS = NO;
				SWIFT_APPROACHABLE_CONCURRENCY = YES;
				SWIFT_EMIT_LOC_STRINGS = NO;
				SWIFT_UPCOMING_FEATURE_MEMBER_IMPORT_VISIBILITY = YES;
				SWIFT_VERSION = 5.0;
				TARGETED_DEVICE_FAMILY = "1,2";
				TEST_HOST = "$(BUILT_PRODUCTS_DIR)/Syndicore.app/$(BUNDLE_EXECUTABLE_FOLDER_PATH)/Syndicore";
			};
			name = Release;
		};
/* End XCBuildConfiguration section */

/* Begin XCConfigurationList section */
		4A0000000000000000000040 /* Build configuration list for PBXProject "Syndicore" */ = {
			isa = XCConfigurationList;
			buildConfigurations = (
				4A0000000000000000000042 /* Debug */,
				4A0000000000000000000043 /* Release */,
			);
			defaultConfigurationIsVisible = 0;
			defaultConfigurationName = Release;
		};
		4A0000000000000000000041 /* Build configuration list for PBXNativeTarget "Syndicore" */ = {
			isa = XCConfigurationList;
			buildConfigurations = (
				4A0000000000000000000044 /* Debug */,
				4A0000000000000000000045 /* Release */,
			);
			defaultConfigurationIsVisible = 0;
			defaultConfigurationName = Release;
		};
		4A57FDDF2F92D1E5004559C8 /* Build configuration list for PBXNativeTarget "SyndicoreTests" */ = {
			isa = XCConfigurationList;
			buildConfigurations = (
				4A57FDDD2F92D1E5004559C8 /* Debug */,
				4A57FDDE2F92D1E5004559C8 /* Release */,
			);
			defaultConfigurationIsVisible = 0;
			defaultConfigurationName = Release;
		};
/* End XCConfigurationList section */

/* Begin XCRemoteSwiftPackageReference section */
		4A0000000000000000000300 /* XCRemoteSwiftPackageReference "supabase-swift" */ = {
			isa = XCRemoteSwiftPackageReference;
			repositoryURL = "https://github.com/supabase/supabase-swift";
			requirement = {
				kind = upToNextMajorVersion;
				minimumVersion = 2.0.0;
			};
		};
/* End XCRemoteSwiftPackageReference section */

/* Begin XCSwiftPackageProductDependency section */
		4A0000000000000000000301 /* Supabase */ = {
			isa = XCSwiftPackageProductDependency;
			package = 4A0000000000000000000300 /* XCRemoteSwiftPackageReference "supabase-swift" */;
			productName = Supabase;
		};
/* End XCSwiftPackageProductDependency section */
	};
	rootObject = 4A0000000000000000000001 /* Project object */;
}
